
Microsoft Visual Studio Solution File, Format Version 12.00
# Visual Studio Version 17
VisualStudioVersion = 17.13.35806.99 d17.13
MinimumVisualStudioVersion = 10.0.40219.1
Project("{FAE04EC0-301F-11D3-BF4B-00C04F79EFBC}") = "WebAppPiagetOlifrans", "WebAppPiagetOlifrans\WebAppPiagetOlifrans.csproj", "{B75AB489-AAD3-4299-85E3-79DDD1235664}"
EndProject
Global
	GlobalSection(SolutionConfigurationPlatforms) = preSolution
		Debug|Any CPU = Debug|Any CPU
		Release|Any CPU = Release|Any CPU
	EndGlobalSection
	GlobalSection(ProjectConfigurationPlatforms) = postSolution
		{B75AB489-AAD3-4299-85E3-79DDD1235664}.Debug|Any CPU.ActiveCfg = Debug|Any CPU
		{B75AB489-AAD3-4299-85E3-79DDD1235664}.Debug|Any CPU.Build.0 = Debug|Any CPU
		{B75AB489-AAD3-4299-85E3-79DDD1235664}.Release|Any CPU.ActiveCfg = Release|Any CPU
		{B75AB489-AAD3-4299-85E3-79DDD1235664}.Release|Any CPU.Build.0 = Release|Any CPU
	EndGlobalSection
	GlobalSection(SolutionProperties) = preSolution
		HideSolutionNode = FALSE
	EndGlobalSection
	GlobalSection(ExtensibilityGlobals) = postSolution
		SolutionGuid = {989BB0AE-F624-4268-902E-D7F5A19270F9}
	EndGlobalSection
EndGlobal
